
Microsoft Visual Studio Solution File, Format Version 12.00
Project("{FAE04EC0-301F-11D3-BF4B-00C04F79EFBC}") = "Kashanshop.Web", "Kashanshop.Web\Kashanshop.Web.csproj", "{0E00F27E-2D0D-4DB9-836B-2D8D1EB239E0}"
EndProject
Project("{FAE04EC0-301F-11D3-BF4B-00C04F79EFBC}") = "Kashanshop.Domain", "Kashanshop.Domain\Kashanshop.Domain.csproj", "{57613FAF-C87C-491E-A789-1CA19829B311}"
EndProject
Project("{FAE04EC0-301F-11D3-BF4B-00C04F79EFBC}") = "Kashanshop.Data.sqlserver", "Kashanshop.Data.sqlserver\Kashanshop.Data.sqlserver.csproj", "{06B48B97-B9C2-492D-9784-C9DF79A15CCB}"
EndProject
Project("{FAE04EC0-301F-11D3-BF4B-00C04F79EFBC}") = "Kashanshop.ApplicationService", "Kashanshop.ApplicationService\Kashanshop.ApplicationService.csproj", "{FF7D3CB4-FCA3-4800-9F84-146C76FA9979}"
EndProject
Project("{FAE04EC0-301F-11D3-BF4B-00C04F79EFBC}") = "Kashanshop.Infrastructure", "Kashanshop.Infrastructure\Kashanshop.Infrastructure.csproj", "{E157B969-C498-4952-865B-031165EE8830}"
EndProject
Global
	GlobalSection(SolutionConfigurationPlatforms) = preSolution
		Debug|Any CPU = Debug|Any CPU
		Release|Any CPU = Release|Any CPU
	EndGlobalSection
	GlobalSection(ProjectConfigurationPlatforms) = postSolution
		{0E00F27E-2D0D-4DB9-836B-2D8D1EB239E0}.Debug|Any CPU.ActiveCfg = Debug|Any CPU
		{0E00F27E-2D0D-4DB9-836B-2D8D1EB239E0}.Debug|Any CPU.Build.0 = Debug|Any CPU
		{0E00F27E-2D0D-4DB9-836B-2D8D1EB239E0}.Release|Any CPU.ActiveCfg = Release|Any CPU
		{0E00F27E-2D0D-4DB9-836B-2D8D1EB239E0}.Release|Any CPU.Build.0 = Release|Any CPU
		{57613FAF-C87C-491E-A789-1CA19829B311}.Debug|Any CPU.ActiveCfg = Debug|Any CPU
		{57613FAF-C87C-491E-A789-1CA19829B311}.Debug|Any CPU.Build.0 = Debug|Any CPU
		{57613FAF-C87C-491E-A789-1CA19829B311}.Release|Any CPU.ActiveCfg = Release|Any CPU
		{57613FAF-C87C-491E-A789-1CA19829B311}.Release|Any CPU.Build.0 = Release|Any CPU
		{06B48B97-B9C2-492D-9784-C9DF79A15CCB}.Debug|Any CPU.ActiveCfg = Debug|Any CPU
		{06B48B97-B9C2-492D-9784-C9DF79A15CCB}.Debug|Any CPU.Build.0 = Debug|Any CPU
		{06B48B97-B9C2-492D-9784-C9DF79A15CCB}.Release|Any CPU.ActiveCfg = Release|Any CPU
		{06B48B97-B9C2-492D-9784-C9DF79A15CCB}.Release|Any CPU.Build.0 = Release|Any CPU
		{FF7D3CB4-FCA3-4800-9F84-146C76FA9979}.Debug|Any CPU.ActiveCfg = Debug|Any CPU
		{FF7D3CB4-FCA3-4800-9F84-146C76FA9979}.Debug|Any CPU.Build.0 = Debug|Any CPU
		{FF7D3CB4-FCA3-4800-9F84-146C76FA9979}.Release|Any CPU.ActiveCfg = Release|Any CPU
		{FF7D3CB4-FCA3-4800-9F84-146C76FA9979}.Release|Any CPU.Build.0 = Release|Any CPU
		{E157B969-C498-4952-865B-031165EE8830}.Debug|Any CPU.ActiveCfg = Debug|Any CPU
		{E157B969-C498-4952-865B-031165EE8830}.Debug|Any CPU.Build.0 = Debug|Any CPU
		{E157B969-C498-4952-865B-031165EE8830}.Release|Any CPU.ActiveCfg = Release|Any CPU
		{E157B969-C498-4952-865B-031165EE8830}.Release|Any CPU.Build.0 = Release|Any CPU
	EndGlobalSection
EndGlobal
